// !$*UTF8*$!
{
	archiveVersion = 1;
	classes = {
	};
	objectVersion = 50;
	objects = {

/* Begin PBXBuildFile section */
		95DE5BFA2389748B006BD7D9 /* AppDelegate.swift in Sources */ = {isa = PBXBuildFile; fileRef = 95DE5BF92389748B006BD7D9 /* AppDelegate.swift */; };
		95DE5BFC2389748B006BD7D9 /* SceneDelegate.swift in Sources */ = {isa = PBXBuildFile; fileRef = 95DE5BFB2389748B006BD7D9 /* SceneDelegate.swift */; };
		95DE5BFE2389748B006BD7D9 /* ViewController.swift in Sources */ = {isa = PBXBuildFile; fileRef = 95DE5BFD2389748B006BD7D9 /* ViewController.swift */; };
		95DE5C012389748B006BD7D9 /* Main.storyboard in Resources */ = {isa = PBXBuildFile; fileRef = 95DE5BFF2389748B006BD7D9 /* Main.storyboard */; };
		95DE5C042389748B006BD7D9 /* TicTacToe_iOS.xcdatamodeld in Sources */ = {isa = PBXBuildFile; fileRef = 95DE5C022389748B006BD7D9 /* TicTacToe_iOS.xcdatamodeld */; };
		95DE5C062389748C006BD7D9 /* Assets.xcassets in Resources */ = {isa = PBXBuildFile; fileRef = 95DE5C052389748C006BD7D9 /* Assets.xcassets */; };
		95DE5C092389748C006BD7D9 /* LaunchScreen.storyboard in Resources */ = {isa = PBXBuildFile; fileRef = 95DE5C072389748C006BD7D9 /* LaunchScreen.storyboard */; };
/* End PBXBuildFile section */

/* Begin PBXFileReference section */
		95DE5BF62389748B006BD7D9 /* TicTacToe_iOS.app */ = {isa = PBXFileReference; explicitFileType = wrapper.application; includeInIndex = 0; path = TicTacToe_iOS.app; sourceTree = BUILT_PRODUCTS_DIR; };
		95DE5BF92389748B006BD7D9 /* AppDelegate.swift */ = {isa = PBXFileReference; lastKnownFileType = sourcecode.swift; path = AppDelegate.swift; sourceTree = "<group>"; };
		95DE5BFB2389748B006BD7D9 /* SceneDelegate.swift */ = {isa = PBXFileReference; lastKnownFileType = sourcecode.swift; path = SceneDelegate.swift; sourceTree = "<group>"; };
		95DE5BFD2389748B006BD7D9 /* ViewController.swift */ = {isa = PBXFileReference; lastKnownFileType = sourcecode.swift; path = ViewController.swift; sourceTree = "<group>"; };
		95DE5C002389748B006BD7D9 /* Base */ = {isa = PBXFileReference; lastKnownFileType = file.storyboard; name = Base; path = Base.lproj/Main.storyboard; sourceTree = "<group>"; };
		95DE5C032389748B006BD7D9 /* TicTacToe_iOS.xcdatamodel */ = {isa = PBXFileReference; lastKnownFileType = wrapper.xcdatamodel; path = TicTacToe_iOS.xcdatamodel; sourceTree = "<group>"; };
		95DE5C052389748C006BD7D9 /* Assets.xcassets */ = {isa = PBXFileReference; lastKnownFileType = folder.assetcatalog; path = Assets.xcassets; sourceTree = "<group>"; };
		95DE5C082389748C006BD7D9 /* Base */ = {isa = PBXFileReference; lastKnownFileType = file.storyboard; name = Base; path = Base.lproj/LaunchScreen.storyboard; sourceTree = "<group>"; };
		95DE5C0A2389748C006BD7D9 /* Info.plist */ = {isa = PBXFileReference; lastKnownFileType = text.plist.xml; path = Info.plist; sourceTree = "<group>"; };
/* End PBXFileReference section */

/* Begin PBXFrameworksBuildPhase section */
		95DE5BF32389748B006BD7D9 /* Frameworks */ = {
			isa = PBXFrameworksBuildPhase;
			buildActionMask = 2147483647;
			files = (
			);
			runOnlyForDeploymentPostprocessing = 0;
		};
/* End PBXFrameworksBuildPhase section */

/* Begin PBXGroup section */
		95DE5BED2389748B006BD7D9 = {
			isa = PBXGroup;
			children = (
				95DE5BF82389748B006BD7D9 /* TicTacToe_iOS */,
				95DE5BF72389748B006BD7D9 /* Products */,
			);
			sourceTree = "<group>";
		};
		95DE5BF72389748B006BD7D9 /* Products */ = {
			isa = PBXGroup;
			children = (
				95DE5BF62389748B006BD7D9 /* TicTacToe_iOS.app */,
			);
			name = Products;
			sourceTree = "<group>";
		};
		95DE5BF82389748B006BD7D9 /* TicTacToe_iOS */ = {
			isa = PBXGroup;
			children = (
				95DE5BF92389748B006BD7D9 /* AppDelegate.swift */,
				95DE5BFB2389748B006BD7D9 /* SceneDelegate.swift */,
				95DE5BFD2389748B006BD7D9 /* ViewController.swift */,
				95DE5BFF2389748B006BD7D9 /* Main.storyboard */,
				95DE5C052389748C006BD7D9 /* Assets.xcassets */,
				95DE5C072389748C006BD7D9 /* LaunchScreen.storyboard */,
				95DE5C0A2389748C006BD7D9 /* Info.plist */,
				95DE5C022389748B006BD7D9 /* TicTacToe_iOS.xcdatamodeld */,
			);
			path = TicTacToe_iOS;
			sourceTree = "<group>";
		};
/* End PBXGroup section */

/* Begin PBXNativeTarget section */
		95DE5BF52389748B006BD7D9 /* TicTacToe_iOS */ = {
			isa = PBXNativeTarget;
			buildConfigurationList = 95DE5C0D2389748C006BD7D9 /* Build configuration list for PBXNativeTarget "TicTacToe_iOS" */;
			buildPhases = (
				95DE5BF22389748B006BD7D9 /* Sources */,
				95DE5BF32389748B006BD7D9 /* Frameworks */,
				95DE5BF42389748B006BD7D9 /* Resources */,
			);
			buildRules = (
			);
			dependencies = (
			);
			name = TicTacToe_iOS;
			productName = TicTacToe_iOS;
			productReference = 95DE5BF62389748B006BD7D9 /* TicTacToe_iOS.app */;
			productType = "com.apple.product-type.application";
		};
/* End PBXNativeTarget section */

/* Begin PBXProject section */
		95DE5BEE2389748B006BD7D9 /* Project object */ = {
			isa = PBXProject;
			attributes = {
				LastSwiftUpdateCheck = 1100;
				LastUpgradeCheck = 1100;
				ORGANIZATIONNAME = "Akhil Nathoo";
				TargetAttributes = {
					95DE5BF52389748B006BD7D9 = {
						CreatedOnToolsVersion = 11.0;
					};
				};
			};
			buildConfigurationList = 95DE5BF12389748B006BD7D9 /* Build configuration list for PBXProject "TicTacToe_iOS" */;
			compatibilityVersion = "Xcode 9.3";
			developmentRegion = en;
			hasScannedForEncodings = 0;
			knownRegions = (
				en,
				Base,
			);
			mainGroup = 95DE5BED2389748B006BD7D9;
			productRefGroup = 95DE5BF72389748B006BD7D9 /* Products */;
			projectDirPath = "";
			projectRoot = "";
			targets = (
				95DE5BF52389748B006BD7D9 /* TicTacToe_iOS */,
			);
		};
/* End PBXProject section */

/* Begin PBXResourcesBuildPhase section */
		95DE5BF42389748B006BD7D9 /* Resources */ = {
			isa = PBXResourcesBuildPhase;
			buildActionMask = 2147483647;
			files = (
				95DE5C092389748C006BD7D9 /* LaunchScreen.storyboard in Resources */,
				95DE5C062389748C006BD7D9 /* Assets.xcassets in Resources */,
				95DE5C012389748B006BD7D9 /* Main.storyboard in Resources */,
			);
			runOnlyForDeploymentPostprocessing = 0;
		};
/* End PBXResourcesBuildPhase section */

/* Begin PBXSourcesBuildPhase section */
		95DE5BF22389748B006BD7D9 /* Sources */ = {
			isa = PBXSourcesBuildPhase;
			buildActionMask = 2147483647;
			files = (
				95DE5C042389748B006BD7D9 /* TicTacToe_iOS.xcdatamodeld in Sources */,
				95DE5BFE2389748B006BD7D9 /* ViewController.swift in Sources */,
				95DE5BFA2389748B006BD7D9 /* AppDelegate.swift in Sources */,
				95DE5BFC2389748B006BD7D9 /* SceneDelegate.swift in Sources */,
			);
			runOnlyForDeploymentPostprocessing = 0;
		};
/* End PBXSourcesBuildPhase section */

/* Begin PBXVariantGroup section */
		95DE5BFF2389748B006BD7D9 /* Main.storyboard */ = {
			isa = PBXVariantGroup;
			children = (
				95DE5C002389748B006BD7D9 /* Base */,
			);
			name = Main.storyboard;
			sourceTree = "<group>";
		};
		95DE5C072389748C006BD7D9 /* LaunchScreen.storyboard */ = {
			isa = PBXVariantGroup;
			children = (
				95DE5C082389748C006BD7D9 /* Base */,
			);
			name = LaunchScreen.storyboard;
			sourceTree = "<group>";
		};
/* End PBXVariantGroup section */

/* Begin XCBuildConfiguration section */
		95DE5C0B2389748C006BD7D9 /* Debug */ = {
			isa = XCBuildConfiguration;
			buildSettings = {
				ALWAYS_SEARCH_USER_PATHS = NO;
				CLANG_ANALYZER_NONNULL = YES;
				CLANG_ANALYZER_NUMBER_OBJECT_CONVERSION = YES_AGGRESSIVE;
				CLANG_CXX_LANGUAGE_STANDARD = "gnu++14";
				CLANG_CXX_LIBRARY = "libc++";
				CLANG_ENABLE_MODULES = YES;
				CLANG_ENABLE_OBJC_ARC = YES;
				CLANG_ENABLE_OBJC_WEAK = YES;
				CLANG_WARN_BLOCK_CAPTURE_AUTORELEASING = YES;
				CLANG_WARN_BOOL_CONVERSION = YES;
				CLANG_WARN_COMMA = YES;
				CLANG_WARN_CONSTANT_CONVERSION = YES;
				CLANG_WARN_DEPRECATED_OBJC_IMPLEMENTATIONS = YES;
				CLANG_WARN_DIRECT_OBJC_ISA_USAGE = YES_ERROR;
				CLANG_WARN_DOCUMENTATION_COMMENTS = YES;
				CLANG_WARN_EMPTY_BODY = YES;
				CLANG_WARN_ENUM_CONVERSION = YES;
				CLANG_WARN_INFINITE_RECURSION = YES;
				CLANG_WARN_INT_CONVERSION = YES;
				CLANG_WARN_NON_LITERAL_NULL_CONVERSION = YES;
				CLANG_WARN_OBJC_IMPLICIT_RETAIN_SELF = YES;
				CLANG_WARN_OBJC_LITERAL_CONVERSION = YES;
				CLANG_WARN_OBJC_ROOT_CLASS = YES_ERROR;
				CLANG_WARN_RANGE_LOOP_ANALYSIS = YES;
				CLANG_WARN_STRICT_PROTOTYPES = YES;
				CLANG_WARN_SUSPICIOUS_MOVE = YES;
				CLANG_WARN_UNGUARDED_AVAILABILITY = YES_AGGRESSIVE;
				CLANG_WARN_UNREACHABLE_CODE = YES;
				CLANG_WARN__DUPLICATE_METHOD_MATCH = YES;
				COPY_PHASE_STRIP = NO;
				DEBUG_INFORMATION_FORMAT = dwarf;
				ENABLE_STRICT_OBJC_MSGSEND = YES;
				ENABLE_TESTABILITY = YES;
				GCC_C_LANGUAGE_STANDARD = gnu11;
				GCC_DYNAMIC_NO_PIC = NO;
				GCC_NO_COMMON_BLOCKS = YES;
				GCC_OPTIMIZATION_LEVEL = 0;
				GCC_PREPROCESSOR_DEFINITIONS = (
					"DEBUG=1",
					"$(inherited)",
				);
				GCC_WARN_64_TO_32_BIT_CONVERSION = YES;
				GCC_WARN_ABOUT_RETURN_TYPE = YES_ERROR;
				GCC_WARN_UNDECLARED_SELECTOR = YES;
				GCC_WARN_UNINITIALIZED_AUTOS = YES_AGGRESSIVE;
				GCC_WARN_UNUSED_FUNCTION = YES;
				GCC_WARN_UNUSED_VARIABLE = YES;
				IPHONEOS_DEPLOYMENT_TARGET = 13.0;
				MTL_ENABLE_DEBUG_INFO = INCLUDE_SOURCE;
				MTL_FAST_MATH = YES;
				ONLY_ACTIVE_ARCH = YES;
				SDKROOT = iphoneos;
				SWIFT_ACTIVE_COMPILATION_CONDITIONS = DEBUG;
				SWIFT_OPTIMIZATION_LEVEL = "-Onone";
			};
			name = Debug;
		};
		95DE5C0C2389748C006BD7D9 /* Release */ = {
			isa = XCBuildConfiguration;
			buildSettings = {
				ALWAYS_SEARCH_USER_PATHS = NO;
				CLANG_ANALYZER_NONNULL = YES;
				CLANG_ANALYZER_NUMBER_OBJECT_CONVERSION = YES_AGGRESSIVE;
				CLANG_CXX_LANGUAGE_STANDARD = "gnu++14";
				CLANG_CXX_LIBRARY = "libc++";
				CLANG_ENABLE_MODULES = YES;
				CLANG_ENABLE_OBJC_ARC = YES;
				CLANG_ENABLE_OBJC_WEAK = YES;
				CLANG_WARN_BLOCK_CAPTURE_AUTORELEASING = YES;
				CLANG_WARN_BOOL_CONVERSION = YES;
				CLANG_WARN_COMMA = YES;
				CLANG_WARN_CONSTANT_CONVERSION = YES;
				CLANG_WARN_DEPRECATED_OBJC_IMPLEMENTATIONS = YES;
				CLANG_WARN_DIRECT_OBJC_ISA_USAGE = YES_ERROR;
				CLANG_WARN_DOCUMENTATION_COMMENTS = YES;
				CLANG_WARN_EMPTY_BODY = YES;
				CLANG_WARN_ENUM_CONVERSION = YES;
				CLANG_WARN_INFINITE_RECURSION = YES;
				CLANG_WARN_INT_CONVERSION = YES;
				CLANG_WARN_NON_LITERAL_NULL_CONVERSION = YES;
				CLANG_WARN_OBJC_IMPLICIT_RETAIN_SELF = YES;
				CLANG_WARN_OBJC_LITERAL_CONVERSION = YES;
				CLANG_WARN_OBJC_ROOT_CLASS = YES_ERROR;
				CLANG_WARN_RANGE_LOOP_ANALYSIS = YES;
				CLANG_WARN_STRICT_PROTOTYPES = YES;
				CLANG_WARN_SUSPICIOUS_MOVE = YES;
				CLANG_WARN_UNGUARDED_AVAILABILITY = YES_AGGRESSIVE;
				CLANG_WARN_UNREACHABLE_CODE = YES;
				CLANG_WARN__DUPLICATE_METHOD_MATCH = YES;
				COPY_PHASE_STRIP = NO;
				DEBUG_INFORMATION_FORMAT = "dwarf-with-dsym";
				ENABLE_NS_ASSERTIONS = NO;
				ENABLE_STRICT_OBJC_MSGSEND = YES;
				GCC_C_LANGUAGE_STANDARD = gnu11;
				GCC_NO_COMMON_BLOCKS = YES;
				GCC_WARN_64_TO_32_BIT_CONVERSION = YES;
				GCC_WARN_ABOUT_RETURN_TYPE = YES_ERROR;
				GCC_WARN_UNDECLARED_SELECTOR = YES;
				GCC_WARN_UNINITIALIZED_AUTOS = YES_AGGRESSIVE;
				GCC_WARN_UNUSED_FUNCTION = YES;
				GCC_WARN_UNUSED_VARIABLE = YES;
				IPHONEOS_DEPLOYMENT_TARGET = 13.0;
				MTL_ENABLE_DEBUG_INFO = NO;
				MTL_FAST_MATH = YES;
				SDKROOT = iphoneos;
				SWIFT_COMPILATION_MODE = wholemodule;
				SWIFT_OPTIMIZATION_LEVEL = "-O";
				VALIDATE_PRODUCT = YES;
			};
			name = Release;
		};
		95DE5C0E2389748C006BD7D9 /* Debug */ = {
			isa = XCBuildConfiguration;
			buildSettings = {
				ASSETCATALOG_COMPILER_APPICON_NAME = AppIcon;
				CODE_SIGN_STYLE = Automatic;
				INFOPLIST_FILE = TicTacToe_iOS/Info.plist;
				LD_RUNPATH_SEARCH_PATHS = (
					"$(inherited)",
					"@executable_path/Frameworks",
				);
				PRODUCT_BUNDLE_IDENTIFIER = "Akhil.TicTacToe-iOS";
				PRODUCT_NAME = "$(TARGET_NAME)";
				SWIFT_VERSION = 5.0;
				TARGETED_DEVICE_FAMILY = "1,2";
			};
			name = Debug;
		};
		95DE5C0F2389748C006BD7D9 /* Release */ = {
			isa = XCBuildConfiguration;
			buildSettings = {
				ASSETCATALOG_COMPILER_APPICON_NAME = AppIcon;
				CODE_SIGN_STYLE = Automatic;
				INFOPLIST_FILE = TicTacToe_iOS/Info.plist;
				LD_RUNPATH_SEARCH_PATHS = (
					"$(inherited)",
					"@executable_path/Frameworks",
				);
				PRODUCT_BUNDLE_IDENTIFIER = "Akhil.TicTacToe-iOS";
				PRODUCT_NAME = "$(TARGET_NAME)";
				SWIFT_VERSION = 5.0;
				TARGETED_DEVICE_FAMILY = "1,2";
			};
			name = Release;
		};
/* End XCBuildConfiguration section */

/* Begin XCConfigurationList section */
		95DE5BF12389748B006BD7D9 /* Build configuration list for PBXProject "TicTacToe_iOS" */ = {
			isa = XCConfigurationList;
			buildConfigurations = (
				95DE5C0B2389748C006BD7D9 /* Debug */,
				95DE5C0C2389748C006BD7D9 /* Release */,
			);
			defaultConfigurationIsVisible = 0;
			defaultConfigurationName = Release;
		};
		95DE5C0D2389748C006BD7D9 /* Build configuration list for PBXNativeTarget "TicTacToe_iOS" */ = {
			isa = XCConfigurationList;
			buildConfigurations = (
				95DE5C0E2389748C006BD7D9 /* Debug */,
				95DE5C0F2389748C006BD7D9 /* Release */,
			);
			defaultConfigurationIsVisible = 0;
			defaultConfigurationName = Release;
		};
/* End XCConfigurationList section */

/* Begin XCVersionGroup section */
		95DE5C022389748B006BD7D9 /* TicTacToe_iOS.xcdatamodeld */ = {
			isa = XCVersionGroup;
			children = (
				95DE5C032389748B006BD7D9 /* TicTacToe_iOS.xcdatamodel */,
			);
			currentVersion = 95DE5C032389748B006BD7D9 /* TicTacToe_iOS.xcdatamodel */;
			path = TicTacToe_iOS.xcdatamodeld;
			sourceTree = "<group>";
			versionGroupType = wrapper.xcdatamodel;
		};
/* End XCVersionGroup section */
	};
	rootObject = 95DE5BEE2389748B006BD7D9 /* Project object */;
}
